
Microsoft Visual Studio Solution File, Format Version 12.00
# Visual Studio Version 17
VisualStudioVersion = 17.9.34714.143
MinimumVisualStudioVersion = 10.0.40219.1
Project("{9092AA53-FB77-4645-B42D-1CCCA6BD08BD}") = "SERVER_TEMPLATE", "SERVER_TEMPLATE.njsproj", "{46FAAFF7-8237-4D64-B9E6-F6D96F752BFD}"
EndProject
Global
	GlobalSection(SolutionConfigurationPlatforms) = preSolution
		Debug|Any CPU = Debug|Any CPU
		Release|Any CPU = Release|Any CPU
	EndGlobalSection
	GlobalSection(ProjectConfigurationPlatforms) = postSolution
		{46FAAFF7-8237-4D64-B9E6-F6D96F752BFD}.Debug|Any CPU.ActiveCfg = Debug|Any CPU
		{46FAAFF7-8237-4D64-B9E6-F6D96F752BFD}.Debug|Any CPU.Build.0 = Debug|Any CPU
		{46FAAFF7-8237-4D64-B9E6-F6D96F752BFD}.Release|Any CPU.ActiveCfg = Release|Any CPU
		{46FAAFF7-8237-4D64-B9E6-F6D96F752BFD}.Release|Any CPU.Build.0 = Release|Any CPU
	EndGlobalSection
	GlobalSection(SolutionProperties) = preSolution
		HideSolutionNode = FALSE
	EndGlobalSection
	GlobalSection(ExtensibilityGlobals) = postSolution
		SolutionGuid = {7977EC2F-B31E-4D3D-8885-A2BF9D872383}
	EndGlobalSection
EndGlobal
